
Microsoft Visual Studio Solution File, Format Version 12.00
# Visual Studio Version 17
VisualStudioVersion = 17.3.32922.545
MinimumVisualStudioVersion = 10.0.40219.1
Project("{8BC9CEB8-8B4A-11D0-8D11-00A0C91BC942}") = "Treść zadań", "Treść zadań\Treść zadań.vcxproj", "{0B07B802-470B-4138-B230-2B10985A7182}"
EndProject
Project("{2150E333-8FDC-42A3-9474-1A3956D46DE8}") = "0. Treści zadań", "0. Treści zadań", "{1D9152DC-3916-4267-8618-BDBB776AF330}"
EndProject
Project("{2150E333-8FDC-42A3-9474-1A3956D46DE8}") = "1. Podstawy programowania", "1. Podstawy programowania", "{5219D71D-C2E7-4327-8887-395646D84B2A}"
EndProject
Project("{8BC9CEB8-8B4A-11D0-8D11-00A0C91BC942}") = "Podstawy programowania", "Podstawy programowania\Podstawy programowania.vcxproj", "{574655A8-6396-42CF-A03E-50A28749F221}"
EndProject
Project("{2150E333-8FDC-42A3-9474-1A3956D46DE8}") = "2. Instrukcja warunkowe", "2. Instrukcja warunkowe", "{D06B56EF-0F91-4942-9BBA-0E943D9DC996}"
EndProject
Project("{8BC9CEB8-8B4A-11D0-8D11-00A0C91BC942}") = "Instrukcja IF", "Instrukcja IF\Instrukcja IF.vcxproj", "{EB4BDB4C-9727-4498-99C9-F9865D3EA9A5}"
EndProject
Project("{8BC9CEB8-8B4A-11D0-8D11-00A0C91BC942}") = "Instrukcja WHILE", "Instrukcja WHILE\Instrukcja WHILE.vcxproj", "{DAC1F5AD-1C5B-478E-A318-43AA4AC3E419}"
EndProject
Project("{8BC9CEB8-8B4A-11D0-8D11-00A0C91BC942}") = "Instrukcja DO-WHILE", "Instrukcja DO-WHILE\Instrukcja DO-WHILE.vcxproj", "{41739FE2-D2B2-4447-AA5A-7F81676ECBF9}"
EndProject
Project("{8BC9CEB8-8B4A-11D0-8D11-00A0C91BC942}") = "Instrukcja FOR", "Instrukcja FOR\Instrukcja FOR.vcxproj", "{AB2D89D1-36BF-4E33-B3EE-3FF78245DD7E}"
EndProject
Project("{8BC9CEB8-8B4A-11D0-8D11-00A0C91BC942}") = "Instrukcja SWITCH", "Instrukcja SWITCH\Instrukcja SWITCH.vcxproj", "{245A9F3B-AAF1-4014-A632-0222B74012AB}"
EndProject
Project("{2150E333-8FDC-42A3-9474-1A3956D46DE8}") = "3. Łańcuchy znaków", "3. Łańcuchy znaków", "{9FC189B0-BE2F-4E7D-84C8-849BA3F300E6}"
EndProject
Project("{8BC9CEB8-8B4A-11D0-8D11-00A0C91BC942}") = "Typ Char", "Typ Char\Typ Char.vcxproj", "{31AA7405-1731-48A8-AFDE-EE16E347B03A}"
EndProject
Project("{2150E333-8FDC-42A3-9474-1A3956D46DE8}") = "4. Funkcje", "4. Funkcje", "{6CAA5402-20B2-4AC5-9EB0-FA0116FDE3C8}"
EndProject
Project("{8BC9CEB8-8B4A-11D0-8D11-00A0C91BC942}") = "Funkcje", "Funkcje\Funkcje.vcxproj", "{2E98D979-5954-433F-B0B5-09938A548CC6}"
EndProject
Project("{8BC9CEB8-8B4A-11D0-8D11-00A0C91BC942}") = "Typ string", "Typ string\Typ string.vcxproj", "{623DEB57-3BD3-4299-8599-F9AE83480BFF}"
EndProject
Project("{2150E333-8FDC-42A3-9474-1A3956D46DE8}") = "5. Algorytmy wyszukiwania", "5. Algorytmy wyszukiwania", "{87FC65B3-E5CA-45A8-B5B9-5544965123DB}"
EndProject
Project("{8BC9CEB8-8B4A-11D0-8D11-00A0C91BC942}") = "Algorytmy wyszukiwania", "Algorytmy wyszukiwania\Algorytmy wyszukiwania.vcxproj", "{373539EF-8E53-46F0-82DD-044487242382}"
EndProject
Project("{2150E333-8FDC-42A3-9474-1A3956D46DE8}") = "6. Kolekcje", "6. Kolekcje", "{60F98016-89CB-417F-9BBA-4F868AE7A447}"
EndProject
Project("{8BC9CEB8-8B4A-11D0-8D11-00A0C91BC942}") = "Tablice", "Tablice\Tablice.vcxproj", "{0B5109FD-6DDF-4A44-9C88-13D58D4DB800}"
EndProject
Project("{2150E333-8FDC-42A3-9474-1A3956D46DE8}") = "powtorzenie", "powtorzenie", "{C2EE3847-A2AA-44B5-A234-28AAA7A80FC8}"
EndProject
Project("{8BC9CEB8-8B4A-11D0-8D11-00A0C91BC942}") = "powtorka", "powtorka\powtorka.vcxproj", "{43C77928-7E59-46C2-BBEF-FC977DA93284}"
EndProject
Project("{2150E333-8FDC-42A3-9474-1A3956D46DE8}") = "7.Struktury", "7.Struktury", "{C1479B07-3E30-48CC-B630-A4D3C392082A}"
EndProject
Project("{2150E333-8FDC-42A3-9474-1A3956D46DE8}") = "Coordinates Program", "Coordinates Program", "{D4D51B52-F077-403F-8FC5-77C97232D63E}"
EndProject
Project("{8BC9CEB8-8B4A-11D0-8D11-00A0C91BC942}") = "CoordinatesProgram", "CoordinatesProgram\CoordinatesProgram.vcxproj", "{E2DB354B-2DE3-4A26-9A53-1BA2AE62DC3D}"
EndProject
Project("{2150E333-8FDC-42A3-9474-1A3956D46DE8}") = "8.wskażniki", "8.wskażniki", "{22691DF7-8252-4155-94C1-931BC3786E00}"
EndProject
Project("{8BC9CEB8-8B4A-11D0-8D11-00A0C91BC942}") = "PointersApp", "PointersApp\PointersApp.vcxproj", "{2DFC7519-C9A2-460D-953D-9209E06C5DBB}"
EndProject
Project("{2150E333-8FDC-42A3-9474-1A3956D46DE8}") = "9.Podstawy obiektow", "9.Podstawy obiektow", "{BD17A5F2-BE0A-4EA7-A83F-4B1032D618C2}"
EndProject
Project("{8BC9CEB8-8B4A-11D0-8D11-00A0C91BC942}") = "FirstObjectProgram", "FirstObjectProgram\FirstObjectProgram.vcxproj", "{CC71B9A8-F158-4EE3-A097-D1DFFCD5C67C}"
EndProject
Project("{2150E333-8FDC-42A3-9474-1A3956D46DE8}") = "Zadania.Object", "Zadania.Object", "{E330C6EF-F2A9-437C-AA5B-EB209FF67575}"
EndProject
Project("{8BC9CEB8-8B4A-11D0-8D11-00A0C91BC942}") = "Zadanie.object", "Zadanie.object\Zadanie.object.vcxproj", "{2B7983D8-4929-4C79-B041-8B495C22B3E6}"
EndProject
Project("{8BC9CEB8-8B4A-11D0-8D11-00A0C91BC942}") = "MyOwnObjectTask", "MyOwnObjectTask\MyOwnObjectTask.vcxproj", "{E525EB12-482E-40C0-8544-405B1C693833}"
EndProject
Project("{2150E333-8FDC-42A3-9474-1A3956D46DE8}") = "c++", "c++", "{B0BFB7E2-C3E9-4527-B041-3BCCFB1A52ED}"
EndProject
Project("{2150E333-8FDC-42A3-9474-1A3956D46DE8}") = "CS", "CS", "{0271A2C8-265D-4B6E-B698-C55F135B6C45}"
EndProject
Project("{2150E333-8FDC-42A3-9474-1A3956D46DE8}") = "0.1 podstawy", "0.1 podstawy", "{F9640AE8-7BD8-493B-8B47-05F703F00028}"
EndProject
Project("{9A19103F-16F7-4668-BE54-9A1E7A4F7556}") = "FirstConsoleApp", "FirstConsoleApp\FirstConsoleApp.csproj", "{D85D7934-2CEF-43B7-B63A-D5AAA6DE273F}"
EndProject
Project("{9A19103F-16F7-4668-BE54-9A1E7A4F7556}") = "FirstObjectConsoleApp", "FirstObjectConsoleApp\FirstObjectConsoleApp.csproj", "{333A2EF4-5F01-442D-A308-B8680BE3F253}"
EndProject
Project("{9A19103F-16F7-4668-BE54-9A1E7A4F7556}") = "ConsoleApp1", "ConsoleApp1\ConsoleApp1.csproj", "{51CCA24E-BC2E-4AA0-864C-92936AFE22BC}"
EndProject
Project("{2150E333-8FDC-42A3-9474-1A3956D46DE8}") = "0.2 kolekcje", "0.2 kolekcje", "{DE9BDBA4-1E36-4D9D-B704-EFDABB521653}"
EndProject
Project("{9A19103F-16F7-4668-BE54-9A1E7A4F7556}") = "CollectionConsoleApp2", "CollectionConsoleApp2\CollectionConsoleApp2.csproj", "{4D437FF2-AE1E-45AA-B5DD-E5AFDCADF5F3}"
EndProject
Project("{2150E333-8FDC-42A3-9474-1A3956D46DE8}") = "0.3 Obiekty", "0.3 Obiekty", "{9D3984A5-57D9-419B-B5FD-3E4E1D5A9721}"
EndProject
Project("{9A19103F-16F7-4668-BE54-9A1E7A4F7556}") = "shape.ConsolApp", "shape.ConsolApp\shape.ConsolApp.csproj", "{AD74761E-F616-4812-9511-39CD91A250E7}"
EndProject
Project("{2150E333-8FDC-42A3-9474-1A3956D46DE8}") = "0.4 Zadania", "0.4 Zadania", "{90119FCB-BC80-4E2A-AA5E-698F7D2FC5AA}"
EndProject
Project("{FAE04EC0-301F-11D3-BF4B-00C04F79EFBC}") = "LotOfTasks", "LotOfTasks\LotOfTasks.csproj", "{21DB1DA2-DCD7-4490-BDCD-95C59FB5E9D1}"
EndProject
Global
	GlobalSection(SolutionConfigurationPlatforms) = preSolution
		Debug|Any CPU = Debug|Any CPU
		Debug|x64 = Debug|x64
		Debug|x86 = Debug|x86
		Release|Any CPU = Release|Any CPU
		Release|x64 = Release|x64
		Release|x86 = Release|x86
	EndGlobalSection
	GlobalSection(ProjectConfigurationPlatforms) = postSolution
		{0B07B802-470B-4138-B230-2B10985A7182}.Debug|Any CPU.ActiveCfg = Debug|x64
		{0B07B802-470B-4138-B230-2B10985A7182}.Debug|Any CPU.Build.0 = Debug|x64
		{0B07B802-470B-4138-B230-2B10985A7182}.Debug|x64.ActiveCfg = Debug|x64
		{0B07B802-470B-4138-B230-2B10985A7182}.Debug|x64.Build.0 = Debug|x64
		{0B07B802-470B-4138-B230-2B10985A7182}.Debug|x86.ActiveCfg = Debug|Win32
		{0B07B802-470B-4138-B230-2B10985A7182}.Release|Any CPU.ActiveCfg = Release|x64
		{0B07B802-470B-4138-B230-2B10985A7182}.Release|Any CPU.Build.0 = Release|x64
		{0B07B802-470B-4138-B230-2B10985A7182}.Release|x64.ActiveCfg = Release|x64
		{0B07B802-470B-4138-B230-2B10985A7182}.Release|x64.Build.0 = Release|x64
		{0B07B802-470B-4138-B230-2B10985A7182}.Release|x86.ActiveCfg = Release|Win32
		{0B07B802-470B-4138-B230-2B10985A7182}.Release|x86.Build.0 = Release|Win32
		{574655A8-6396-42CF-A03E-50A28749F221}.Debug|Any CPU.ActiveCfg = Debug|x64
		{574655A8-6396-42CF-A03E-50A28749F221}.Debug|Any CPU.Build.0 = Debug|x64
		{574655A8-6396-42CF-A03E-50A28749F221}.Debug|x64.ActiveCfg = Debug|x64
		{574655A8-6396-42CF-A03E-50A28749F221}.Debug|x64.Build.0 = Debug|x64
		{574655A8-6396-42CF-A03E-50A28749F221}.Debug|x86.ActiveCfg = Debug|Win32
		{574655A8-6396-42CF-A03E-50A28749F221}.Debug|x86.Build.0 = Debug|Win32
		{574655A8-6396-42CF-A03E-50A28749F221}.Release|Any CPU.ActiveCfg = Release|x64
		{574655A8-6396-42CF-A03E-50A28749F221}.Release|Any CPU.Build.0 = Release|x64
		{574655A8-6396-42CF-A03E-50A28749F221}.Release|x64.ActiveCfg = Release|x64
		{574655A8-6396-42CF-A03E-50A28749F221}.Release|x64.Build.0 = Release|x64
		{574655A8-6396-42CF-A03E-50A28749F221}.Release|x86.ActiveCfg = Release|Win32
		{574655A8-6396-42CF-A03E-50A28749F221}.Release|x86.Build.0 = Release|Win32
		{EB4BDB4C-9727-4498-99C9-F9865D3EA9A5}.Debug|Any CPU.ActiveCfg = Debug|x64
		{EB4BDB4C-9727-4498-99C9-F9865D3EA9A5}.Debug|Any CPU.Build.0 = Debug|x64
		{EB4BDB4C-9727-4498-99C9-F9865D3EA9A5}.Debug|x64.ActiveCfg = Debug|x64
		{EB4BDB4C-9727-4498-99C9-F9865D3EA9A5}.Debug|x64.Build.0 = Debug|x64
		{EB4BDB4C-9727-4498-99C9-F9865D3EA9A5}.Debug|x86.ActiveCfg = Debug|Win32
		{EB4BDB4C-9727-4498-99C9-F9865D3EA9A5}.Debug|x86.Build.0 = Debug|Win32
		{EB4BDB4C-9727-4498-99C9-F9865D3EA9A5}.Release|Any CPU.ActiveCfg = Release|x64
		{EB4BDB4C-9727-4498-99C9-F9865D3EA9A5}.Release|Any CPU.Build.0 = Release|x64
		{EB4BDB4C-9727-4498-99C9-F9865D3EA9A5}.Release|x64.ActiveCfg = Release|x64
		{EB4BDB4C-9727-4498-99C9-F9865D3EA9A5}.Release|x64.Build.0 = Release|x64
		{EB4BDB4C-9727-4498-99C9-F9865D3EA9A5}.Release|x86.ActiveCfg = Release|Win32
		{EB4BDB4C-9727-4498-99C9-F9865D3EA9A5}.Release|x86.Build.0 = Release|Win32
		{DAC1F5AD-1C5B-478E-A318-43AA4AC3E419}.Debug|Any CPU.ActiveCfg = Debug|x64
		{DAC1F5AD-1C5B-478E-A318-43AA4AC3E419}.Debug|Any CPU.Build.0 = Debug|x64
		{DAC1F5AD-1C5B-478E-A318-43AA4AC3E419}.Debug|x64.ActiveCfg = Debug|x64
		{DAC1F5AD-1C5B-478E-A318-43AA4AC3E419}.Debug|x64.Build.0 = Debug|x64
		{DAC1F5AD-1C5B-478E-A318-43AA4AC3E419}.Debug|x86.ActiveCfg = Debug|Win32
		{DAC1F5AD-1C5B-478E-A318-43AA4AC3E419}.Debug|x86.Build.0 = Debug|Win32
		{DAC1F5AD-1C5B-478E-A318-43AA4AC3E419}.Release|Any CPU.ActiveCfg = Release|x64
		{DAC1F5AD-1C5B-478E-A318-43AA4AC3E419}.Release|Any CPU.Build.0 = Release|x64
		{DAC1F5AD-1C5B-478E-A318-43AA4AC3E419}.Release|x64.ActiveCfg = Release|x64
		{DAC1F5AD-1C5B-478E-A318-43AA4AC3E419}.Release|x64.Build.0 = Release|x64
		{DAC1F5AD-1C5B-478E-A318-43AA4AC3E419}.Release|x86.ActiveCfg = Release|Win32
		{DAC1F5AD-1C5B-478E-A318-43AA4AC3E419}.Release|x86.Build.0 = Release|Win32
		{41739FE2-D2B2-4447-AA5A-7F81676ECBF9}.Debug|Any CPU.ActiveCfg = Debug|x64
		{41739FE2-D2B2-4447-AA5A-7F81676ECBF9}.Debug|Any CPU.Build.0 = Debug|x64
		{41739FE2-D2B2-4447-AA5A-7F81676ECBF9}.Debug|x64.ActiveCfg = Debug|x64
		{41739FE2-D2B2-4447-AA5A-7F81676ECBF9}.Debug|x64.Build.0 = Debug|x64
		{41739FE2-D2B2-4447-AA5A-7F81676ECBF9}.Debug|x86.ActiveCfg = Debug|Win32
		{41739FE2-D2B2-4447-AA5A-7F81676ECBF9}.Debug|x86.Build.0 = Debug|Win32
		{41739FE2-D2B2-4447-AA5A-7F81676ECBF9}.Release|Any CPU.ActiveCfg = Release|x64
		{41739FE2-D2B2-4447-AA5A-7F81676ECBF9}.Release|Any CPU.Build.0 = Release|x64
		{41739FE2-D2B2-4447-AA5A-7F81676ECBF9}.Release|x64.ActiveCfg = Release|x64
		{41739FE2-D2B2-4447-AA5A-7F81676ECBF9}.Release|x64.Build.0 = Release|x64
		{41739FE2-D2B2-4447-AA5A-7F81676ECBF9}.Release|x86.ActiveCfg = Release|Win32
		{41739FE2-D2B2-4447-AA5A-7F81676ECBF9}.Release|x86.Build.0 = Release|Win32
		{AB2D89D1-36BF-4E33-B3EE-3FF78245DD7E}.Debug|Any CPU.ActiveCfg = Debug|x64
		{AB2D89D1-36BF-4E33-B3EE-3FF78245DD7E}.Debug|Any CPU.Build.0 = Debug|x64
		{AB2D89D1-36BF-4E33-B3EE-3FF78245DD7E}.Debug|x64.ActiveCfg = Debug|x64
		{AB2D89D1-36BF-4E33-B3EE-3FF78245DD7E}.Debug|x64.Build.0 = Debug|x64
		{AB2D89D1-36BF-4E33-B3EE-3FF78245DD7E}.Debug|x86.ActiveCfg = Debug|Win32
		{AB2D89D1-36BF-4E33-B3EE-3FF78245DD7E}.Debug|x86.Build.0 = Debug|Win32
		{AB2D89D1-36BF-4E33-B3EE-3FF78245DD7E}.Release|Any CPU.ActiveCfg = Release|x64
		{AB2D89D1-36BF-4E33-B3EE-3FF78245DD7E}.Release|Any CPU.Build.0 = Release|x64
		{AB2D89D1-36BF-4E33-B3EE-3FF78245DD7E}.Release|x64.ActiveCfg = Release|x64
		{AB2D89D1-36BF-4E33-B3EE-3FF78245DD7E}.Release|x64.Build.0 = Release|x64
		{AB2D89D1-36BF-4E33-B3EE-3FF78245DD7E}.Release|x86.ActiveCfg = Release|Win32
		{AB2D89D1-36BF-4E33-B3EE-3FF78245DD7E}.Release|x86.Build.0 = Release|Win32
		{245A9F3B-AAF1-4014-A632-0222B74012AB}.Debug|Any CPU.ActiveCfg = Debug|x64
		{245A9F3B-AAF1-4014-A632-0222B74012AB}.Debug|Any CPU.Build.0 = Debug|x64
		{245A9F3B-AAF1-4014-A632-0222B74012AB}.Debug|x64.ActiveCfg = Debug|x64
		{245A9F3B-AAF1-4014-A632-0222B74012AB}.Debug|x64.Build.0 = Debug|x64
		{245A9F3B-AAF1-4014-A632-0222B74012AB}.Debug|x86.ActiveCfg = Debug|Win32
		{245A9F3B-AAF1-4014-A632-0222B74012AB}.Debug|x86.Build.0 = Debug|Win32
		{245A9F3B-AAF1-4014-A632-0222B74012AB}.Release|Any CPU.ActiveCfg = Release|x64
		{245A9F3B-AAF1-4014-A632-0222B74012AB}.Release|Any CPU.Build.0 = Release|x64
		{245A9F3B-AAF1-4014-A632-0222B74012AB}.Release|x64.ActiveCfg = Release|x64
		{245A9F3B-AAF1-4014-A632-0222B74012AB}.Release|x64.Build.0 = Release|x64
		{245A9F3B-AAF1-4014-A632-0222B74012AB}.Release|x86.ActiveCfg = Release|Win32
		{245A9F3B-AAF1-4014-A632-0222B74012AB}.Release|x86.Build.0 = Release|Win32
		{31AA7405-1731-48A8-AFDE-EE16E347B03A}.Debug|Any CPU.ActiveCfg = Debug|x64
		{31AA7405-1731-48A8-AFDE-EE16E347B03A}.Debug|Any CPU.Build.0 = Debug|x64
		{31AA7405-1731-48A8-AFDE-EE16E347B03A}.Debug|x64.ActiveCfg = Debug|x64
		{31AA7405-1731-48A8-AFDE-EE16E347B03A}.Debug|x64.Build.0 = Debug|x64
		{31AA7405-1731-48A8-AFDE-EE16E347B03A}.Debug|x86.ActiveCfg = Debug|Win32
		{31AA7405-1731-48A8-AFDE-EE16E347B03A}.Debug|x86.Build.0 = Debug|Win32
		{31AA7405-1731-48A8-AFDE-EE16E347B03A}.Release|Any CPU.ActiveCfg = Release|x64
		{31AA7405-1731-48A8-AFDE-EE16E347B03A}.Release|Any CPU.Build.0 = Release|x64
		{31AA7405-1731-48A8-AFDE-EE16E347B03A}.Release|x64.ActiveCfg = Release|x64
		{31AA7405-1731-48A8-AFDE-EE16E347B03A}.Release|x64.Build.0 = Release|x64
		{31AA7405-1731-48A8-AFDE-EE16E347B03A}.Release|x86.ActiveCfg = Release|Win32
		{31AA7405-1731-48A8-AFDE-EE16E347B03A}.Release|x86.Build.0 = Release|Win32
		{2E98D979-5954-433F-B0B5-09938A548CC6}.Debug|Any CPU.ActiveCfg = Debug|x64
		{2E98D979-5954-433F-B0B5-09938A548CC6}.Debug|Any CPU.Build.0 = Debug|x64
		{2E98D979-5954-433F-B0B5-09938A548CC6}.Debug|x64.ActiveCfg = Debug|x64
		{2E98D979-5954-433F-B0B5-09938A548CC6}.Debug|x64.Build.0 = Debug|x64
		{2E98D979-5954-433F-B0B5-09938A548CC6}.Debug|x86.ActiveCfg = Debug|Win32
		{2E98D979-5954-433F-B0B5-09938A548CC6}.Debug|x86.Build.0 = Debug|Win32
		{2E98D979-5954-433F-B0B5-09938A548CC6}.Release|Any CPU.ActiveCfg = Release|x64
		{2E98D979-5954-433F-B0B5-09938A548CC6}.Release|Any CPU.Build.0 = Release|x64
		{2E98D979-5954-433F-B0B5-09938A548CC6}.Release|x64.ActiveCfg = Release|x64
		{2E98D979-5954-433F-B0B5-09938A548CC6}.Release|x64.Build.0 = Release|x64
		{2E98D979-5954-433F-B0B5-09938A548CC6}.Release|x86.ActiveCfg = Release|Win32
		{2E98D979-5954-433F-B0B5-09938A548CC6}.Release|x86.Build.0 = Release|Win32
		{623DEB57-3BD3-4299-8599-F9AE83480BFF}.Debug|Any CPU.ActiveCfg = Debug|x64
		{623DEB57-3BD3-4299-8599-F9AE83480BFF}.Debug|Any CPU.Build.0 = Debug|x64
		{623DEB57-3BD3-4299-8599-F9AE83480BFF}.Debug|x64.ActiveCfg = Debug|x64
		{623DEB57-3BD3-4299-8599-F9AE83480BFF}.Debug|x64.Build.0 = Debug|x64
		{623DEB57-3BD3-4299-8599-F9AE83480BFF}.Debug|x86.ActiveCfg = Debug|Win32
		{623DEB57-3BD3-4299-8599-F9AE83480BFF}.Debug|x86.Build.0 = Debug|Win32
		{623DEB57-3BD3-4299-8599-F9AE83480BFF}.Release|Any CPU.ActiveCfg = Release|x64
		{623DEB57-3BD3-4299-8599-F9AE83480BFF}.Release|Any CPU.Build.0 = Release|x64
		{623DEB57-3BD3-4299-8599-F9AE83480BFF}.Release|x64.ActiveCfg = Release|x64
		{623DEB57-3BD3-4299-8599-F9AE83480BFF}.Release|x64.Build.0 = Release|x64
		{623DEB57-3BD3-4299-8599-F9AE83480BFF}.Release|x86.ActiveCfg = Release|Win32
		{623DEB57-3BD3-4299-8599-F9AE83480BFF}.Release|x86.Build.0 = Release|Win32
		{373539EF-8E53-46F0-82DD-044487242382}.Debug|Any CPU.ActiveCfg = Debug|x64
		{373539EF-8E53-46F0-82DD-044487242382}.Debug|Any CPU.Build.0 = Debug|x64
		{373539EF-8E53-46F0-82DD-044487242382}.Debug|x64.ActiveCfg = Debug|x64
		{373539EF-8E53-46F0-82DD-044487242382}.Debug|x64.Build.0 = Debug|x64
		{373539EF-8E53-46F0-82DD-044487242382}.Debug|x86.ActiveCfg = Debug|Win32
		{373539EF-8E53-46F0-82DD-044487242382}.Debug|x86.Build.0 = Debug|Win32
		{373539EF-8E53-46F0-82DD-044487242382}.Release|Any CPU.ActiveCfg = Release|x64
		{373539EF-8E53-46F0-82DD-044487242382}.Release|Any CPU.Build.0 = Release|x64
		{373539EF-8E53-46F0-82DD-044487242382}.Release|x64.ActiveCfg = Release|x64
		{373539EF-8E53-46F0-82DD-044487242382}.Release|x64.Build.0 = Release|x64
		{373539EF-8E53-46F0-82DD-044487242382}.Release|x86.ActiveCfg = Release|Win32
		{373539EF-8E53-46F0-82DD-044487242382}.Release|x86.Build.0 = Release|Win32
		{0B5109FD-6DDF-4A44-9C88-13D58D4DB800}.Debug|Any CPU.ActiveCfg = Debug|x64
		{0B5109FD-6DDF-4A44-9C88-13D58D4DB800}.Debug|Any CPU.Build.0 = Debug|x64
		{0B5109FD-6DDF-4A44-9C88-13D58D4DB800}.Debug|x64.ActiveCfg = Debug|x64
		{0B5109FD-6DDF-4A44-9C88-13D58D4DB800}.Debug|x64.Build.0 = Debug|x64
		{0B5109FD-6DDF-4A44-9C88-13D58D4DB800}.Debug|x86.ActiveCfg = Debug|Win32
		{0B5109FD-6DDF-4A44-9C88-13D58D4DB800}.Debug|x86.Build.0 = Debug|Win32
		{0B5109FD-6DDF-4A44-9C88-13D58D4DB800}.Release|Any CPU.ActiveCfg = Release|x64
		{0B5109FD-6DDF-4A44-9C88-13D58D4DB800}.Release|Any CPU.Build.0 = Release|x64
		{0B5109FD-6DDF-4A44-9C88-13D58D4DB800}.Release|x64.ActiveCfg = Release|x64
		{0B5109FD-6DDF-4A44-9C88-13D58D4DB800}.Release|x64.Build.0 = Release|x64
		{0B5109FD-6DDF-4A44-9C88-13D58D4DB800}.Release|x86.ActiveCfg = Release|Win32
		{0B5109FD-6DDF-4A44-9C88-13D58D4DB800}.Release|x86.Build.0 = Release|Win32
		{43C77928-7E59-46C2-BBEF-FC977DA93284}.Debug|Any CPU.ActiveCfg = Debug|x64
		{43C77928-7E59-46C2-BBEF-FC977DA93284}.Debug|Any CPU.Build.0 = Debug|x64
		{43C77928-7E59-46C2-BBEF-FC977DA93284}.Debug|x64.ActiveCfg = Debug|x64
		{43C77928-7E59-46C2-BBEF-FC977DA93284}.Debug|x64.Build.0 = Debug|x64
		{43C77928-7E59-46C2-BBEF-FC977DA93284}.Debug|x86.ActiveCfg = Debug|Win32
		{43C77928-7E59-46C2-BBEF-FC977DA93284}.Debug|x86.Build.0 = Debug|Win32
		{43C77928-7E59-46C2-BBEF-FC977DA93284}.Release|Any CPU.ActiveCfg = Release|x64
		{43C77928-7E59-46C2-BBEF-FC977DA93284}.Release|Any CPU.Build.0 = Release|x64
		{43C77928-7E59-46C2-BBEF-FC977DA93284}.Release|x64.ActiveCfg = Release|x64
		{43C77928-7E59-46C2-BBEF-FC977DA93284}.Release|x64.Build.0 = Release|x64
		{43C77928-7E59-46C2-BBEF-FC977DA93284}.Release|x86.ActiveCfg = Release|Win32
		{43C77928-7E59-46C2-BBEF-FC977DA93284}.Release|x86.Build.0 = Release|Win32
		{E2DB354B-2DE3-4A26-9A53-1BA2AE62DC3D}.Debug|Any CPU.ActiveCfg = Debug|x64
		{E2DB354B-2DE3-4A26-9A53-1BA2AE62DC3D}.Debug|Any CPU.Build.0 = Debug|x64
		{E2DB354B-2DE3-4A26-9A53-1BA2AE62DC3D}.Debug|x64.ActiveCfg = Debug|x64
		{E2DB354B-2DE3-4A26-9A53-1BA2AE62DC3D}.Debug|x64.Build.0 = Debug|x64
		{E2DB354B-2DE3-4A26-9A53-1BA2AE62DC3D}.Debug|x86.ActiveCfg = Debug|Win32
		{E2DB354B-2DE3-4A26-9A53-1BA2AE62DC3D}.Debug|x86.Build.0 = Debug|Win32
		{E2DB354B-2DE3-4A26-9A53-1BA2AE62DC3D}.Release|Any CPU.ActiveCfg = Release|x64
		{E2DB354B-2DE3-4A26-9A53-1BA2AE62DC3D}.Release|Any CPU.Build.0 = Release|x64
		{E2DB354B-2DE3-4A26-9A53-1BA2AE62DC3D}.Release|x64.ActiveCfg = Release|x64
		{E2DB354B-2DE3-4A26-9A53-1BA2AE62DC3D}.Release|x64.Build.0 = Release|x64
		{E2DB354B-2DE3-4A26-9A53-1BA2AE62DC3D}.Release|x86.ActiveCfg = Release|Win32
		{E2DB354B-2DE3-4A26-9A53-1BA2AE62DC3D}.Release|x86.Build.0 = Release|Win32
		{2DFC7519-C9A2-460D-953D-9209E06C5DBB}.Debug|Any CPU.ActiveCfg = Debug|x64
		{2DFC7519-C9A2-460D-953D-9209E06C5DBB}.Debug|Any CPU.Build.0 = Debug|x64
		{2DFC7519-C9A2-460D-953D-9209E06C5DBB}.Debug|x64.ActiveCfg = Debug|x64
		{2DFC7519-C9A2-460D-953D-9209E06C5DBB}.Debug|x64.Build.0 = Debug|x64
		{2DFC7519-C9A2-460D-953D-9209E06C5DBB}.Debug|x86.ActiveCfg = Debug|Win32
		{2DFC7519-C9A2-460D-953D-9209E06C5DBB}.Debug|x86.Build.0 = Debug|Win32
		{2DFC7519-C9A2-460D-953D-9209E06C5DBB}.Release|Any CPU.ActiveCfg = Release|x64
		{2DFC7519-C9A2-460D-953D-9209E06C5DBB}.Release|Any CPU.Build.0 = Release|x64
		{2DFC7519-C9A2-460D-953D-9209E06C5DBB}.Release|x64.ActiveCfg = Release|x64
		{2DFC7519-C9A2-460D-953D-9209E06C5DBB}.Release|x64.Build.0 = Release|x64
		{2DFC7519-C9A2-460D-953D-9209E06C5DBB}.Release|x86.ActiveCfg = Release|Win32
		{2DFC7519-C9A2-460D-953D-9209E06C5DBB}.Release|x86.Build.0 = Release|Win32
		{CC71B9A8-F158-4EE3-A097-D1DFFCD5C67C}.Debug|Any CPU.ActiveCfg = Debug|x64
		{CC71B9A8-F158-4EE3-A097-D1DFFCD5C67C}.Debug|Any CPU.Build.0 = Debug|x64
		{CC71B9A8-F158-4EE3-A097-D1DFFCD5C67C}.Debug|x64.ActiveCfg = Debug|x64
		{CC71B9A8-F158-4EE3-A097-D1DFFCD5C67C}.Debug|x64.Build.0 = Debug|x64
		{CC71B9A8-F158-4EE3-A097-D1DFFCD5C67C}.Debug|x86.ActiveCfg = Debug|Win32
		{CC71B9A8-F158-4EE3-A097-D1DFFCD5C67C}.Debug|x86.Build.0 = Debug|Win32
		{CC71B9A8-F158-4EE3-A097-D1DFFCD5C67C}.Release|Any CPU.ActiveCfg = Release|x64
		{CC71B9A8-F158-4EE3-A097-D1DFFCD5C67C}.Release|Any CPU.Build.0 = Release|x64
		{CC71B9A8-F158-4EE3-A097-D1DFFCD5C67C}.Release|x64.ActiveCfg = Release|x64
		{CC71B9A8-F158-4EE3-A097-D1DFFCD5C67C}.Release|x64.Build.0 = Release|x64
		{CC71B9A8-F158-4EE3-A097-D1DFFCD5C67C}.Release|x86.ActiveCfg = Release|Win32
		{CC71B9A8-F158-4EE3-A097-D1DFFCD5C67C}.Release|x86.Build.0 = Release|Win32
		{2B7983D8-4929-4C79-B041-8B495C22B3E6}.Debug|Any CPU.ActiveCfg = Debug|x64
		{2B7983D8-4929-4C79-B041-8B495C22B3E6}.Debug|Any CPU.Build.0 = Debug|x64
		{2B7983D8-4929-4C79-B041-8B495C22B3E6}.Debug|x64.ActiveCfg = Debug|x64
		{2B7983D8-4929-4C79-B041-8B495C22B3E6}.Debug|x64.Build.0 = Debug|x64
		{2B7983D8-4929-4C79-B041-8B495C22B3E6}.Debug|x86.ActiveCfg = Debug|Win32
		{2B7983D8-4929-4C79-B041-8B495C22B3E6}.Debug|x86.Build.0 = Debug|Win32
		{2B7983D8-4929-4C79-B041-8B495C22B3E6}.Release|Any CPU.ActiveCfg = Release|x64
		{2B7983D8-4929-4C79-B041-8B495C22B3E6}.Release|Any CPU.Build.0 = Release|x64
		{2B7983D8-4929-4C79-B041-8B495C22B3E6}.Release|x64.ActiveCfg = Release|x64
		{2B7983D8-4929-4C79-B041-8B495C22B3E6}.Release|x64.Build.0 = Release|x64
		{2B7983D8-4929-4C79-B041-8B495C22B3E6}.Release|x86.ActiveCfg = Release|Win32
		{2B7983D8-4929-4C79-B041-8B495C22B3E6}.Release|x86.Build.0 = Release|Win32
		{E525EB12-482E-40C0-8544-405B1C693833}.Debug|Any CPU.ActiveCfg = Debug|x64
		{E525EB12-482E-40C0-8544-405B1C693833}.Debug|Any CPU.Build.0 = Debug|x64
		{E525EB12-482E-40C0-8544-405B1C693833}.Debug|x64.ActiveCfg = Debug|x64
		{E525EB12-482E-40C0-8544-405B1C693833}.Debug|x64.Build.0 = Debug|x64
		{E525EB12-482E-40C0-8544-405B1C693833}.Debug|x86.ActiveCfg = Debug|Win32
		{E525EB12-482E-40C0-8544-405B1C693833}.Debug|x86.Build.0 = Debug|Win32
		{E525EB12-482E-40C0-8544-405B1C693833}.Release|Any CPU.ActiveCfg = Release|x64
		{E525EB12-482E-40C0-8544-405B1C693833}.Release|Any CPU.Build.0 = Release|x64
		{E525EB12-482E-40C0-8544-405B1C693833}.Release|x64.ActiveCfg = Release|x64
		{E525EB12-482E-40C0-8544-405B1C693833}.Release|x64.Build.0 = Release|x64
		{E525EB12-482E-40C0-8544-405B1C693833}.Release|x86.ActiveCfg = Release|Win32
		{E525EB12-482E-40C0-8544-405B1C693833}.Release|x86.Build.0 = Release|Win32
		{D85D7934-2CEF-43B7-B63A-D5AAA6DE273F}.Debug|Any CPU.ActiveCfg = Debug|Any CPU
		{D85D7934-2CEF-43B7-B63A-D5AAA6DE273F}.Debug|Any CPU.Build.0 = Debug|Any CPU
		{D85D7934-2CEF-43B7-B63A-D5AAA6DE273F}.Debug|x64.ActiveCfg = Debug|Any CPU
		{D85D7934-2CEF-43B7-B63A-D5AAA6DE273F}.Debug|x64.Build.0 = Debug|Any CPU
		{D85D7934-2CEF-43B7-B63A-D5AAA6DE273F}.Debug|x86.ActiveCfg = Debug|Any CPU
		{D85D7934-2CEF-43B7-B63A-D5AAA6DE273F}.Debug|x86.Build.0 = Debug|Any CPU
		{D85D7934-2CEF-43B7-B63A-D5AAA6DE273F}.Release|Any CPU.ActiveCfg = Release|Any CPU
		{D85D7934-2CEF-43B7-B63A-D5AAA6DE273F}.Release|Any CPU.Build.0 = Release|Any CPU
		{D85D7934-2CEF-43B7-B63A-D5AAA6DE273F}.Release|x64.ActiveCfg = Release|Any CPU
		{D85D7934-2CEF-43B7-B63A-D5AAA6DE273F}.Release|x64.Build.0 = Release|Any CPU
		{D85D7934-2CEF-43B7-B63A-D5AAA6DE273F}.Release|x86.ActiveCfg = Release|Any CPU
		{D85D7934-2CEF-43B7-B63A-D5AAA6DE273F}.Release|x86.Build.0 = Release|Any CPU
		{333A2EF4-5F01-442D-A308-B8680BE3F253}.Debug|Any CPU.ActiveCfg = Debug|Any CPU
		{333A2EF4-5F01-442D-A308-B8680BE3F253}.Debug|Any CPU.Build.0 = Debug|Any CPU
		{333A2EF4-5F01-442D-A308-B8680BE3F253}.Debug|x64.ActiveCfg = Debug|Any CPU
		{333A2EF4-5F01-442D-A308-B8680BE3F253}.Debug|x64.Build.0 = Debug|Any CPU
		{333A2EF4-5F01-442D-A308-B8680BE3F253}.Debug|x86.ActiveCfg = Debug|Any CPU
		{333A2EF4-5F01-442D-A308-B8680BE3F253}.Debug|x86.Build.0 = Debug|Any CPU
		{333A2EF4-5F01-442D-A308-B8680BE3F253}.Release|Any CPU.ActiveCfg = Release|Any CPU
		{333A2EF4-5F01-442D-A308-B8680BE3F253}.Release|Any CPU.Build.0 = Release|Any CPU
		{333A2EF4-5F01-442D-A308-B8680BE3F253}.Release|x64.ActiveCfg = Release|Any CPU
		{333A2EF4-5F01-442D-A308-B8680BE3F253}.Release|x64.Build.0 = Release|Any CPU
		{333A2EF4-5F01-442D-A308-B8680BE3F253}.Release|x86.ActiveCfg = Release|Any CPU
		{333A2EF4-5F01-442D-A308-B8680BE3F253}.Release|x86.Build.0 = Release|Any CPU
		{51CCA24E-BC2E-4AA0-864C-92936AFE22BC}.Debug|Any CPU.ActiveCfg = Debug|Any CPU
		{51CCA24E-BC2E-4AA0-864C-92936AFE22BC}.Debug|Any CPU.Build.0 = Debug|Any CPU
		{51CCA24E-BC2E-4AA0-864C-92936AFE22BC}.Debug|x64.ActiveCfg = Debug|Any CPU
		{51CCA24E-BC2E-4AA0-864C-92936AFE22BC}.Debug|x64.Build.0 = Debug|Any CPU
		{51CCA24E-BC2E-4AA0-864C-92936AFE22BC}.Debug|x86.ActiveCfg = Debug|Any CPU
		{51CCA24E-BC2E-4AA0-864C-92936AFE22BC}.Debug|x86.Build.0 = Debug|Any CPU
		{51CCA24E-BC2E-4AA0-864C-92936AFE22BC}.Release|Any CPU.ActiveCfg = Release|Any CPU
		{51CCA24E-BC2E-4AA0-864C-92936AFE22BC}.Release|Any CPU.Build.0 = Release|Any CPU
		{51CCA24E-BC2E-4AA0-864C-92936AFE22BC}.Release|x64.ActiveCfg = Release|Any CPU
		{51CCA24E-BC2E-4AA0-864C-92936AFE22BC}.Release|x64.Build.0 = Release|Any CPU
		{51CCA24E-BC2E-4AA0-864C-92936AFE22BC}.Release|x86.ActiveCfg = Release|Any CPU
		{51CCA24E-BC2E-4AA0-864C-92936AFE22BC}.Release|x86.Build.0 = Release|Any CPU
		{4D437FF2-AE1E-45AA-B5DD-E5AFDCADF5F3}.Debug|Any CPU.ActiveCfg = Debug|Any CPU
		{4D437FF2-AE1E-45AA-B5DD-E5AFDCADF5F3}.Debug|Any CPU.Build.0 = Debug|Any CPU
		{4D437FF2-AE1E-45AA-B5DD-E5AFDCADF5F3}.Debug|x64.ActiveCfg = Debug|Any CPU
		{4D437FF2-AE1E-45AA-B5DD-E5AFDCADF5F3}.Debug|x64.Build.0 = Debug|Any CPU
		{4D437FF2-AE1E-45AA-B5DD-E5AFDCADF5F3}.Debug|x86.ActiveCfg = Debug|Any CPU
		{4D437FF2-AE1E-45AA-B5DD-E5AFDCADF5F3}.Debug|x86.Build.0 = Debug|Any CPU
		{4D437FF2-AE1E-45AA-B5DD-E5AFDCADF5F3}.Release|Any CPU.ActiveCfg = Release|Any CPU
		{4D437FF2-AE1E-45AA-B5DD-E5AFDCADF5F3}.Release|Any CPU.Build.0 = Release|Any CPU
		{4D437FF2-AE1E-45AA-B5DD-E5AFDCADF5F3}.Release|x64.ActiveCfg = Release|Any CPU
		{4D437FF2-AE1E-45AA-B5DD-E5AFDCADF5F3}.Release|x64.Build.0 = Release|Any CPU
		{4D437FF2-AE1E-45AA-B5DD-E5AFDCADF5F3}.Release|x86.ActiveCfg = Release|Any CPU
		{4D437FF2-AE1E-45AA-B5DD-E5AFDCADF5F3}.Release|x86.Build.0 = Release|Any CPU
		{AD74761E-F616-4812-9511-39CD91A250E7}.Debug|Any CPU.ActiveCfg = Debug|Any CPU
		{AD74761E-F616-4812-9511-39CD91A250E7}.Debug|Any CPU.Build.0 = Debug|Any CPU
		{AD74761E-F616-4812-9511-39CD91A250E7}.Debug|x64.ActiveCfg = Debug|Any CPU
		{AD74761E-F616-4812-9511-39CD91A250E7}.Debug|x64.Build.0 = Debug|Any CPU
		{AD74761E-F616-4812-9511-39CD91A250E7}.Debug|x86.ActiveCfg = Debug|Any CPU
		{AD74761E-F616-4812-9511-39CD91A250E7}.Debug|x86.Build.0 = Debug|Any CPU
		{AD74761E-F616-4812-9511-39CD91A250E7}.Release|Any CPU.ActiveCfg = Release|Any CPU
		{AD74761E-F616-4812-9511-39CD91A250E7}.Release|Any CPU.Build.0 = Release|Any CPU
		{AD74761E-F616-4812-9511-39CD91A250E7}.Release|x64.ActiveCfg = Release|Any CPU
		{AD74761E-F616-4812-9511-39CD91A250E7}.Release|x64.Build.0 = Release|Any CPU
		{AD74761E-F616-4812-9511-39CD91A250E7}.Release|x86.ActiveCfg = Release|Any CPU
		{AD74761E-F616-4812-9511-39CD91A250E7}.Release|x86.Build.0 = Release|Any CPU
		{21DB1DA2-DCD7-4490-BDCD-95C59FB5E9D1}.Debug|Any CPU.ActiveCfg = Debug|Any CPU
		{21DB1DA2-DCD7-4490-BDCD-95C59FB5E9D1}.Debug|Any CPU.Build.0 = Debug|Any CPU
		{21DB1DA2-DCD7-4490-BDCD-95C59FB5E9D1}.Debug|x64.ActiveCfg = Debug|Any CPU
		{21DB1DA2-DCD7-4490-BDCD-95C59FB5E9D1}.Debug|x64.Build.0 = Debug|Any CPU
		{21DB1DA2-DCD7-4490-BDCD-95C59FB5E9D1}.Debug|x86.ActiveCfg = Debug|Any CPU
		{21DB1DA2-DCD7-4490-BDCD-95C59FB5E9D1}.Debug|x86.Build.0 = Debug|Any CPU
		{21DB1DA2-DCD7-4490-BDCD-95C59FB5E9D1}.Release|Any CPU.ActiveCfg = Release|Any CPU
		{21DB1DA2-DCD7-4490-BDCD-95C59FB5E9D1}.Release|Any CPU.Build.0 = Release|Any CPU
		{21DB1DA2-DCD7-4490-BDCD-95C59FB5E9D1}.Release|x64.ActiveCfg = Release|Any CPU
		{21DB1DA2-DCD7-4490-BDCD-95C59FB5E9D1}.Release|x64.Build.0 = Release|Any CPU
		{21DB1DA2-DCD7-4490-BDCD-95C59FB5E9D1}.Release|x86.ActiveCfg = Release|Any CPU
		{21DB1DA2-DCD7-4490-BDCD-95C59FB5E9D1}.Release|x86.Build.0 = Release|Any CPU
	EndGlobalSection
	GlobalSection(SolutionProperties) = preSolution
		HideSolutionNode = FALSE
	EndGlobalSection
	GlobalSection(NestedProjects) = preSolution
		{0B07B802-470B-4138-B230-2B10985A7182} = {1D9152DC-3916-4267-8618-BDBB776AF330}
		{1D9152DC-3916-4267-8618-BDBB776AF330} = {B0BFB7E2-C3E9-4527-B041-3BCCFB1A52ED}
		{5219D71D-C2E7-4327-8887-395646D84B2A} = {B0BFB7E2-C3E9-4527-B041-3BCCFB1A52ED}
		{574655A8-6396-42CF-A03E-50A28749F221} = {5219D71D-C2E7-4327-8887-395646D84B2A}
		{D06B56EF-0F91-4942-9BBA-0E943D9DC996} = {B0BFB7E2-C3E9-4527-B041-3BCCFB1A52ED}
		{EB4BDB4C-9727-4498-99C9-F9865D3EA9A5} = {D06B56EF-0F91-4942-9BBA-0E943D9DC996}
		{DAC1F5AD-1C5B-478E-A318-43AA4AC3E419} = {D06B56EF-0F91-4942-9BBA-0E943D9DC996}
		{41739FE2-D2B2-4447-AA5A-7F81676ECBF9} = {D06B56EF-0F91-4942-9BBA-0E943D9DC996}
		{AB2D89D1-36BF-4E33-B3EE-3FF78245DD7E} = {D06B56EF-0F91-4942-9BBA-0E943D9DC996}
		{245A9F3B-AAF1-4014-A632-0222B74012AB} = {D06B56EF-0F91-4942-9BBA-0E943D9DC996}
		{9FC189B0-BE2F-4E7D-84C8-849BA3F300E6} = {B0BFB7E2-C3E9-4527-B041-3BCCFB1A52ED}
		{31AA7405-1731-48A8-AFDE-EE16E347B03A} = {9FC189B0-BE2F-4E7D-84C8-849BA3F300E6}
		{6CAA5402-20B2-4AC5-9EB0-FA0116FDE3C8} = {B0BFB7E2-C3E9-4527-B041-3BCCFB1A52ED}
		{2E98D979-5954-433F-B0B5-09938A548CC6} = {6CAA5402-20B2-4AC5-9EB0-FA0116FDE3C8}
		{623DEB57-3BD3-4299-8599-F9AE83480BFF} = {9FC189B0-BE2F-4E7D-84C8-849BA3F300E6}
		{87FC65B3-E5CA-45A8-B5B9-5544965123DB} = {B0BFB7E2-C3E9-4527-B041-3BCCFB1A52ED}
		{373539EF-8E53-46F0-82DD-044487242382} = {87FC65B3-E5CA-45A8-B5B9-5544965123DB}
		{60F98016-89CB-417F-9BBA-4F868AE7A447} = {B0BFB7E2-C3E9-4527-B041-3BCCFB1A52ED}
		{0B5109FD-6DDF-4A44-9C88-13D58D4DB800} = {60F98016-89CB-417F-9BBA-4F868AE7A447}
		{C2EE3847-A2AA-44B5-A234-28AAA7A80FC8} = {E330C6EF-F2A9-437C-AA5B-EB209FF67575}
		{43C77928-7E59-46C2-BBEF-FC977DA93284} = {C2EE3847-A2AA-44B5-A234-28AAA7A80FC8}
		{C1479B07-3E30-48CC-B630-A4D3C392082A} = {B0BFB7E2-C3E9-4527-B041-3BCCFB1A52ED}
		{D4D51B52-F077-403F-8FC5-77C97232D63E} = {C1479B07-3E30-48CC-B630-A4D3C392082A}
		{E2DB354B-2DE3-4A26-9A53-1BA2AE62DC3D} = {D4D51B52-F077-403F-8FC5-77C97232D63E}
		{22691DF7-8252-4155-94C1-931BC3786E00} = {B0BFB7E2-C3E9-4527-B041-3BCCFB1A52ED}
		{2DFC7519-C9A2-460D-953D-9209E06C5DBB} = {22691DF7-8252-4155-94C1-931BC3786E00}
		{BD17A5F2-BE0A-4EA7-A83F-4B1032D618C2} = {B0BFB7E2-C3E9-4527-B041-3BCCFB1A52ED}
		{CC71B9A8-F158-4EE3-A097-D1DFFCD5C67C} = {BD17A5F2-BE0A-4EA7-A83F-4B1032D618C2}
		{E330C6EF-F2A9-437C-AA5B-EB209FF67575} = {B0BFB7E2-C3E9-4527-B041-3BCCFB1A52ED}
		{2B7983D8-4929-4C79-B041-8B495C22B3E6} = {E330C6EF-F2A9-437C-AA5B-EB209FF67575}
		{E525EB12-482E-40C0-8544-405B1C693833} = {BD17A5F2-BE0A-4EA7-A83F-4B1032D618C2}
		{F9640AE8-7BD8-493B-8B47-05F703F00028} = {0271A2C8-265D-4B6E-B698-C55F135B6C45}
		{D85D7934-2CEF-43B7-B63A-D5AAA6DE273F} = {F9640AE8-7BD8-493B-8B47-05F703F00028}
		{333A2EF4-5F01-442D-A308-B8680BE3F253} = {F9640AE8-7BD8-493B-8B47-05F703F00028}
		{51CCA24E-BC2E-4AA0-864C-92936AFE22BC} = {F9640AE8-7BD8-493B-8B47-05F703F00028}
		{DE9BDBA4-1E36-4D9D-B704-EFDABB521653} = {0271A2C8-265D-4B6E-B698-C55F135B6C45}
		{4D437FF2-AE1E-45AA-B5DD-E5AFDCADF5F3} = {DE9BDBA4-1E36-4D9D-B704-EFDABB521653}
		{9D3984A5-57D9-419B-B5FD-3E4E1D5A9721} = {0271A2C8-265D-4B6E-B698-C55F135B6C45}
		{AD74761E-F616-4812-9511-39CD91A250E7} = {9D3984A5-57D9-419B-B5FD-3E4E1D5A9721}
		{90119FCB-BC80-4E2A-AA5E-698F7D2FC5AA} = {0271A2C8-265D-4B6E-B698-C55F135B6C45}
		{21DB1DA2-DCD7-4490-BDCD-95C59FB5E9D1} = {90119FCB-BC80-4E2A-AA5E-698F7D2FC5AA}
	EndGlobalSection
	GlobalSection(ExtensibilityGlobals) = postSolution
		SolutionGuid = {76EC34DF-6BC3-4283-8128-050FEAB28534}
	EndGlobalSection
EndGlobal
